{
  "lockfile_version": "1",
  "packages": {
    "github:NixOS/nixpkgs/nixpkgs-unstable": {
      "last_modified": "2026-08-10T07:49:06Z",
      "resolved": "github:NixOS/nixpkgs/d482ef84049d9b7276b83a06e4e4d76983830097?lastModified=1786348146&narHash=sha256-we5zDEFfn8TgzeWKjKDMIjeQZ59omEPl23NIF%2B13%2Fys%3D"
    },
    "github:eid-privacy/flakes#barretenberg-versions.beta_26": {
      "last_modified": "2026-08-11T09:34:00Z",
      "resolved": "github:eid-privacy/flakes/ec8516e15158c7b437ce9bcd442175b8762903c0?lastModified=1786440840&narHash=sha256-%2FEYLZiqCbGcRjjWfZzp2p9bIT5VH1yyiAMSWvsRVASc%3D#barretenberg-versions.beta_26"
    },
    "github:eid-privacy/flakes#nargo-t256-versions.t256-v0_26": {
      "last_modified": "2026-08-11T09:34:00Z",
      "resolved": "github:eid-privacy/flakes/ec8516e15158c7b437ce9bcd442175b8762903c0?lastModified=1786440840&narHash=sha256-%2FEYLZiqCbGcRjjWfZzp2p9bIT5VH1yyiAMSWvsRVASc%3D#nargo-t256-versions.t256-v0_26"
    },
    "github:eid-privacy/flakes#noir-versions.v1_0_0-beta_26": {
      "last_modified": "2026-08-11T09:34:00Z",
      "resolved": "github:eid-privacy/flakes/ec8516e15158c7b437ce9bcd442175b8762903c0?lastModified=1786440840&narHash=sha256-%2FEYLZiqCbGcRjjWfZzp2p9bIT5VH1yyiAMSWvsRVASc%3D#noir-versions.v1_0_0-beta_26"
    },
    "jq@latest": {
      "last_modified": "2026-08-01T16:34:20Z",
      "resolved": "github:NixOS/nixpkgs/a5cbcfe954791221bfffe2307f7d1a1bf61a871e#jq",
      "source": "devbox-search",
      "version": "1.8.2",
      "systems": {
        "aarch64-darwin": {
          "outputs": [
            {
              "name": "bin",
              "path": "/nix/store/si622aj9znsy96kdwsrg54dxzp9m35qw-jq-1.8.2-bin",
              "default": true
            },
            {
              "name": "man",
              "path": "/nix/store/jp2c61il2ycagni1j5c1jrglnypvbf5k-jq-1.8.2-man",
              "default": true
            },
            {
              "name": "dev",
              "path": "/nix/store/zcvl9cnw5a44f74gw8aa8fh8cfynjc76-jq-1.8.2-dev"
            },
            {
              "name": "doc",
              "path": "/nix/store/4s66blj2afdqbzaq8ilw30v7kpjb6ypw-jq-1.8.2-doc"
            },
            {
              "name": "out",
              "path": "/nix/store/z28yr7h99fi3mch4dh3bc50bjk6malsl-jq-1.8.2"
            }
          ],
          "store_path": "/nix/store/si622aj9znsy96kdwsrg54dxzp9m35qw-jq-1.8.2-bin"
        },
        "aarch64-linux": {
          "outputs": [
            {
              "name": "bin",
              "path": "/nix/store/rjaclwgima9ssysv7v0h2hq46g8sikd4-jq-1.8.2-bin",
              "default": true
            },
            {
              "name": "man",
              "path": "/nix/store/1w15pijismpwnainv71a6pdnsypjnqg7-jq-1.8.2-man",
              "default": true
            },
            {
              "name": "dev",
              "path": "/nix/store/yy0mx8yjmzkk154mmp1vx4b0kz0ndw6y-jq-1.8.2-dev"
            },
            {
              "name": "doc",
              "path": "/nix/store/yqx0xva9dq6rnvxgwcadrmni1l8ympa1-jq-1.8.2-doc"
            },
            {
              "name": "out",
              "path": "/nix/store/0x995g1z807ynhzsh2f6yj0jsw6pr50f-jq-1.8.2"
            }
          ],
          "store_path": "/nix/store/rjaclwgima9ssysv7v0h2hq46g8sikd4-jq-1.8.2-bin"
        },
        "x86_64-linux": {
          "outputs": [
            {
              "name": "bin",
              "path": "/nix/store/4b6f9wb1qak318gk7mxlfkhril6lxpcx-jq-1.8.2-bin",
              "default": true
            },
            {
              "name": "man",
              "path": "/nix/store/4zwaa20khsi2drbg16i5z3wxbjf88mm6-jq-1.8.2-man",
              "default": true
            },
            {
              "name": "doc",
              "path": "/nix/store/dp4rs4vpwp44c7vvgskj1hly0d6xqf2m-jq-1.8.2-doc"
            },
            {
              "name": "out",
              "path": "/nix/store/z438hrlp3j75bpmq87ymzabb8vrda8ps-jq-1.8.2"
            },
            {
              "name": "dev",
              "path": "/nix/store/sp8a7n50g32lzzsc7dz09ry2vc9bh4y0-jq-1.8.2-dev"
            }
          ],
          "store_path": "/nix/store/4b6f9wb1qak318gk7mxlfkhril6lxpcx-jq-1.8.2-bin"
        }
      }
    },
    "libiconv@latest": {
      "last_modified": "2026-08-01T16:34:20Z",
      "resolved": "github:NixOS/nixpkgs/a5cbcfe954791221bfffe2307f7d1a1bf61a871e#libiconv",
      "source": "devbox-search",
      "version": "2.42",
      "systems": {
        "aarch64-darwin": {
          "outputs": [
            {
              "path": "/nix/store/jspv3c5l2zx4kiwzhq0zgxcwp34cqifz-libiconv-115.100.1",
              "default": true
            }
          ]
        },
        "aarch64-linux": {
          "outputs": [
            {
              "name": "out",
              "path": "/nix/store/azvmmkk5ivjrxv145grib0m5pzvrpjws-glibc-iconv-2.42",
              "default": true
            }
          ],
          "store_path": "/nix/store/azvmmkk5ivjrxv145grib0m5pzvrpjws-glibc-iconv-2.42"
        },
        "x86_64-linux": {
          "outputs": [
            {
              "name": "out",
              "path": "/nix/store/06hc0xkj6gqmyvhb0g32h311acic486b-glibc-iconv-2.42",
              "default": true
            }
          ],
          "store_path": "/nix/store/06hc0xkj6gqmyvhb0g32h311acic486b-glibc-iconv-2.42"
        }
      }
    },
    "python314Packages.matplotlib": {
      "resolved": "github:NixOS/nixpkgs/89570f24e97e614aa34aa9ab1c927b6578a43775?narHash=sha256-EMzXKmnOtBQ2MnvpiNOm7E%2BkOMvdPrIKaeg52Tip2Uk%3D#python314Packages.matplotlib",
      "source": "nixpkg",
      "systems": {
        "aarch64-darwin": {
          "outputs": [
            {
              "path": "/nix/store/fwrzn3sybwq01krlry6xphhs4srwgm7p-python3.14-matplotlib-3.10.9",
              "default": true
            }
          ]
        }
      }
    },
    "python314Packages.numpy@latest": {
      "last_modified": "2026-08-01T16:34:20Z",
      "resolved": "github:NixOS/nixpkgs/a5cbcfe954791221bfffe2307f7d1a1bf61a871e#python314Packages.numpy",
      "source": "devbox-search",
      "version": "2.5.1",
      "systems": {
        "aarch64-darwin": {
          "outputs": [
            {
              "name": "out",
              "path": "/nix/store/6jqzckpa4v298kc4xzxz5wxpgyarljpv-python3.14-numpy-2.5.1",
              "default": true
            },
            {
              "name": "dist",
              "path": "/nix/store/605jfl48lylrlcg4wiczxbii5g22i3dy-python3.14-numpy-2.5.1-dist"
            }
          ],
          "store_path": "/nix/store/6jqzckpa4v298kc4xzxz5wxpgyarljpv-python3.14-numpy-2.5.1"
        },
        "aarch64-linux": {
          "outputs": [
            {
              "name": "out",
              "path": "/nix/store/z2b98pqqqpxncfzxmmml22a3q7q0v2gp-python3.14-numpy-2.5.1",
              "default": true
            },
            {
              "name": "dist",
              "path": "/nix/store/ysgc9ak5pfrwcqr3h8r5gp14jlrkxjqh-python3.14-numpy-2.5.1-dist"
            }
          ],
          "store_path": "/nix/store/z2b98pqqqpxncfzxmmml22a3q7q0v2gp-python3.14-numpy-2.5.1"
        },
        "x86_64-linux": {
          "outputs": [
            {
              "name": "out",
              "path": "/nix/store/lbz67b34qlh77bpcisd4b4wsv5n4x0yx-python3.14-numpy-2.5.1",
              "default": true
            },
            {
              "name": "dist",
              "path": "/nix/store/4s2cl6z5ggdzq2g8khrjqm7qbh0384qm-python3.14-numpy-2.5.1-dist"
            }
          ],
          "store_path": "/nix/store/lbz67b34qlh77bpcisd4b4wsv5n4x0yx-python3.14-numpy-2.5.1"
        }
      }
    },
    "python@3.14": {
      "last_modified": "2026-06-27T07:37:20Z",
      "plugin_version": "0.0.5",
      "resolved": "github:NixOS/nixpkgs/3d46470bb3030020f7e1361f33514854f5bfa86d#python314",
      "source": "devbox-search",
      "version": "3.14.4",
      "systems": {
        "aarch64-darwin": {
          "outputs": [
            {
              "name": "out",
              "path": "/nix/store/bz7r3a1x3xby7ilac2ngzwr0szf3yzxc-python3-3.14.4",
              "default": true
            }
          ],
          "store_path": "/nix/store/bz7r3a1x3xby7ilac2ngzwr0szf3yzxc-python3-3.14.4"
        },
        "aarch64-linux": {
          "outputs": [
            {
              "name": "out",
              "path": "/nix/store/fj2lkfaqsccpsgwmzrv921asxzsp1iin-python3-3.14.4",
              "default": true
            },
            {
              "name": "debug",
              "path": "/nix/store/8sggbkg072yim06lsbggkiwc84z28cj9-python3-3.14.4-debug"
            }
          ],
          "store_path": "/nix/store/fj2lkfaqsccpsgwmzrv921asxzsp1iin-python3-3.14.4"
        },
        "x86_64-darwin": {
          "outputs": [
            {
              "name": "out",
              "path": "/nix/store/dz3vgh7m1dsj9c3ahn1ab6wqpnz9bbww-python3-3.14.4",
              "default": true
            }
          ],
          "store_path": "/nix/store/dz3vgh7m1dsj9c3ahn1ab6wqpnz9bbww-python3-3.14.4"
        },
        "x86_64-linux": {
          "outputs": [
            {
              "name": "out",
              "path": "/nix/store/fk8c5cqd0npblqv1mcd8swhkcbng84qr-python3-3.14.4",
              "default": true
            },
            {
              "name": "debug",
              "path": "/nix/store/y6nmlnw8360r8lma5bjnp07vl9r4l07g-python3-3.14.4-debug"
            }
          ],
          "store_path": "/nix/store/fk8c5cqd0npblqv1mcd8swhkcbng84qr-python3-3.14.4"
        }
      }
    },
    "rustup@latest": {
      "last_modified": "2026-08-01T16:34:20Z",
      "plugin_version": "0.0.1",
      "resolved": "github:NixOS/nixpkgs/a5cbcfe954791221bfffe2307f7d1a1bf61a871e#rustup",
      "source": "devbox-search",
      "version": "1.29.0",
      "systems": {
        "aarch64-darwin": {
          "outputs": [
            {
              "name": "out",
              "path": "/nix/store/4s2fyvlgfa38p51f0ns1rxw38s2nfblj-rustup-1.29.0",
              "default": true
            }
          ],
          "store_path": "/nix/store/4s2fyvlgfa38p51f0ns1rxw38s2nfblj-rustup-1.29.0"
        },
        "aarch64-linux": {
          "outputs": [
            {
              "name": "out",
              "path": "/nix/store/p1lf5ndx1didl6g86scsqgfnj6dyqals-rustup-1.29.0",
              "default": true
            }
          ],
          "store_path": "/nix/store/p1lf5ndx1didl6g86scsqgfnj6dyqals-rustup-1.29.0"
        },
        "x86_64-darwin": {
          "outputs": [
            {
              "name": "out",
              "path": "/nix/store/lvm2155pfw1b3a9g8cij5g7vx2dk4v9f-rustup-1.29.0",
              "default": true
            }
          ],
          "store_path": "/nix/store/lvm2155pfw1b3a9g8cij5g7vx2dk4v9f-rustup-1.29.0"
        },
        "x86_64-linux": {
          "outputs": [
            {
              "name": "out",
              "path": "/nix/store/0l25mxqzafyqkwh345fy4fj97ggr42fv-rustup-1.29.0",
              "default": true
            }
          ],
          "store_path": "/nix/store/0l25mxqzafyqkwh345fy4fj97ggr42fv-rustup-1.29.0"
        }
      }
    },
    "samply@latest": {
      "last_modified": "2026-08-01T16:34:20Z",
      "resolved": "github:NixOS/nixpkgs/a5cbcfe954791221bfffe2307f7d1a1bf61a871e#samply",
      "source": "devbox-search",
      "version": "0.13.1",
      "systems": {
        "aarch64-darwin": {
          "outputs": [
            {
              "name": "out",
              "path": "/nix/store/9kxrlcxvi8vn4l2l91q3x4hsglqvwfja-samply-0.13.1",
              "default": true
            }
          ],
          "store_path": "/nix/store/9kxrlcxvi8vn4l2l91q3x4hsglqvwfja-samply-0.13.1"
        },
        "aarch64-linux": {
          "outputs": [
            {
              "name": "out",
              "path": "/nix/store/5f1z753m3isl2vh47gkhsvvzwr5z3mk1-samply-0.13.1",
              "default": true
            }
          ],
          "store_path": "/nix/store/5f1z753m3isl2vh47gkhsvvzwr5z3mk1-samply-0.13.1"
        },
        "x86_64-darwin": {
          "outputs": [
            {
              "name": "out",
              "path": "/nix/store/fd7558ylmym2v20a2svdah5sgdp08fzc-samply-0.13.1",
              "default": true
            }
          ],
          "store_path": "/nix/store/fd7558ylmym2v20a2svdah5sgdp08fzc-samply-0.13.1"
        },
        "x86_64-linux": {
          "outputs": [
            {
              "name": "out",
              "path": "/nix/store/32g1vwnl7yyrs8phz1xv8fxcbqgqzacj-samply-0.13.1",
              "default": true
            }
          ],
          "store_path": "/nix/store/32g1vwnl7yyrs8phz1xv8fxcbqgqzacj-samply-0.13.1"
        }
      }
    },
    "time@latest": {
      "last_modified": "2026-08-01T16:34:20Z",
      "resolved": "github:NixOS/nixpkgs/a5cbcfe954791221bfffe2307f7d1a1bf61a871e#time",
      "source": "devbox-search",
      "version": "1.10",
      "systems": {
        "aarch64-darwin": {
          "outputs": [
            {
              "name": "out",
              "path": "/nix/store/0qrbr6s872vzdxgryyqmgsd8psvrbwdf-time-1.10",
              "default": true
            },
            {
              "name": "info",
              "path": "/nix/store/d3xrpawby7765qssfj7iig4l6gcc4390-time-1.10-info"
            }
          ],
          "store_path": "/nix/store/0qrbr6s872vzdxgryyqmgsd8psvrbwdf-time-1.10"
        },
        "aarch64-linux": {
          "outputs": [
            {
              "name": "out",
              "path": "/nix/store/1ksiw1zhz9d8a8c6zj1rs38031liikgp-time-1.10",
              "default": true
            },
            {
              "name": "info",
              "path": "/nix/store/zlq1y5bbv300zdnzbvdrcnvpyjs2x1l5-time-1.10-info"
            }
          ],
          "store_path": "/nix/store/1ksiw1zhz9d8a8c6zj1rs38031liikgp-time-1.10"
        },
        "x86_64-darwin": {
          "outputs": [
            {
              "name": "out",
              "path": "/nix/store/qfgd42n46ncmqhllrfgwmfz20mp56sb9-time-1.10",
              "default": true
            },
            {
              "name": "info",
              "path": "/nix/store/p4yl1872sj5zxwka8zzhqjd9n0nbmykl-time-1.10-info"
            }
          ],
          "store_path": "/nix/store/qfgd42n46ncmqhllrfgwmfz20mp56sb9-time-1.10"
        },
        "x86_64-linux": {
          "outputs": [
            {
              "name": "out",
              "path": "/nix/store/5im0l96vm9b901ilmnqy9vbd4ssphd3y-time-1.10",
              "default": true
            },
            {
              "name": "info",
              "path": "/nix/store/rr0bq8hxfhhw9qwzirngd41z1g6fcsn5-time-1.10-info"
            }
          ],
          "store_path": "/nix/store/5im0l96vm9b901ilmnqy9vbd4ssphd3y-time-1.10"
        }
      }
    }
  }
}
