{
  "lockfile_version": "1",
  "packages": {
    "github:NixOS/nixpkgs/nixpkgs-unstable": {
      "last_modified": "2026-07-01T15:14:03Z",
      "resolved": "github:NixOS/nixpkgs/e8273b29fe1390ec8d4603f2477357555291432e?lastModified=1782918843&narHash=sha256-ETYnV9U7Sr%2BA45dohzZdfCZKOss4qrTkO%2BwgNZNvEc0%3D"
    },
    "github:eid-privacy/flakes#barretenberg-versions.beta_22": {
      "last_modified": "2026-06-23T11:03:11Z",
      "resolved": "github:eid-privacy/flakes/9797d987ed1e26ea295f5e88267226235fbb2514?lastModified=1782212591&narHash=sha256-0rxGFEZWbZwbcr8JDcAmDklECVKyhwTRp%2FNLbJfIrYk%3D#barretenberg-versions.beta_22"
    },
    "github:eid-privacy/flakes#nargo-t256-versions.t256-v0_22-1": {
      "last_modified": "2026-07-07T08:07:50Z",
      "resolved": "github:eid-privacy/flakes/c39ba2ea9612d257b31f3fcd8d989ca7f7a3066c?lastModified=1783411670&narHash=sha256-PqPNV3j0BII7yOXpTw4wOGw%2FxkC6%2B4hX6IBxhArvmPY%3D#nargo-t256-versions.t256-v0_22-1"
    },
    "github:eid-privacy/flakes#noir-versions.v1_0_0-beta_22": {
      "last_modified": "2026-06-23T11:03:11Z",
      "resolved": "github:eid-privacy/flakes/9797d987ed1e26ea295f5e88267226235fbb2514?lastModified=1782212591&narHash=sha256-0rxGFEZWbZwbcr8JDcAmDklECVKyhwTRp%2FNLbJfIrYk%3D#noir-versions.v1_0_0-beta_22"
    },
    "jq@latest": {
      "last_modified": "2026-06-29T19:19:24Z",
      "resolved": "github:NixOS/nixpkgs/7a1a64774a5fd0b0cd39ac95d0e170ace8b266a0#jq",
      "source": "devbox-search",
      "version": "1.8.1",
      "systems": {
        "aarch64-darwin": {
          "outputs": [
            {
              "name": "bin",
              "path": "/nix/store/n9ri7m7j3l3ggx7ag8xm87cavjvcxycz-jq-1.8.1-bin",
              "default": true
            },
            {
              "name": "man",
              "path": "/nix/store/0l8f1i70kd15qadl45b4fvqlg2j7s5hn-jq-1.8.1-man",
              "default": true
            },
            {
              "name": "dev",
              "path": "/nix/store/pfp4psnwxs2ygda5sq6sr95x2snn6yjl-jq-1.8.1-dev"
            },
            {
              "name": "doc",
              "path": "/nix/store/6va29c6s0v4kqi0zvc5jhn7s31c9i4hd-jq-1.8.1-doc"
            },
            {
              "name": "out",
              "path": "/nix/store/phmsnvxjh6rmf7id4wahi3vllbj8fn4s-jq-1.8.1"
            }
          ],
          "store_path": "/nix/store/n9ri7m7j3l3ggx7ag8xm87cavjvcxycz-jq-1.8.1-bin"
        },
        "aarch64-linux": {
          "outputs": [
            {
              "name": "bin",
              "path": "/nix/store/hmwz4mnhiwyy1zyrypbdk6xqrxrpv4jp-jq-1.8.1-bin",
              "default": true
            },
            {
              "name": "man",
              "path": "/nix/store/iy9j5qqv7bkf0fnwh6pddfbk5q93i3nh-jq-1.8.1-man",
              "default": true
            },
            {
              "name": "dev",
              "path": "/nix/store/gkincbg9wkmasrxw36mmyvp08jyhcxxg-jq-1.8.1-dev"
            },
            {
              "name": "doc",
              "path": "/nix/store/vh84k872pnn2xavlx9j551056k1h579f-jq-1.8.1-doc"
            },
            {
              "name": "out",
              "path": "/nix/store/cs80rizzqf70hsya9n2h60zj9rf23sr5-jq-1.8.1"
            }
          ],
          "store_path": "/nix/store/hmwz4mnhiwyy1zyrypbdk6xqrxrpv4jp-jq-1.8.1-bin"
        },
        "x86_64-darwin": {
          "outputs": [
            {
              "name": "bin",
              "path": "/nix/store/glj1kzrb6jm7x4r5z400mcmja8ws657q-jq-1.8.1-bin",
              "default": true
            },
            {
              "name": "man",
              "path": "/nix/store/vpk901871j7kfmmb20i1vfxh5d8mhim2-jq-1.8.1-man",
              "default": true
            },
            {
              "name": "dev",
              "path": "/nix/store/akbah2c4a6xcgpx2l7xqqgfbxgi8anfj-jq-1.8.1-dev"
            },
            {
              "name": "doc",
              "path": "/nix/store/jb2xgi4gjvzwifzfmf4kzkimbgrhsaav-jq-1.8.1-doc"
            },
            {
              "name": "out",
              "path": "/nix/store/l4i89frkjf4dly7gxwbksrcimcgr2x8f-jq-1.8.1"
            }
          ],
          "store_path": "/nix/store/glj1kzrb6jm7x4r5z400mcmja8ws657q-jq-1.8.1-bin"
        },
        "x86_64-linux": {
          "outputs": [
            {
              "name": "bin",
              "path": "/nix/store/q0pj1dw2nr57y6b4pqljklf0hy20alfj-jq-1.8.1-bin",
              "default": true
            },
            {
              "name": "man",
              "path": "/nix/store/d21dmfzxkgpa7jkn5ggr0balzfg0j269-jq-1.8.1-man",
              "default": true
            },
            {
              "name": "dev",
              "path": "/nix/store/3vavalljj18drsycygl361zqz4rryygd-jq-1.8.1-dev"
            },
            {
              "name": "doc",
              "path": "/nix/store/nzhykmz9qn2vrb9ki6ddrpipic7rfpfb-jq-1.8.1-doc"
            },
            {
              "name": "out",
              "path": "/nix/store/bzm6nb8fx5p005bygrarn48i6qy1ir3a-jq-1.8.1"
            }
          ],
          "store_path": "/nix/store/q0pj1dw2nr57y6b4pqljklf0hy20alfj-jq-1.8.1-bin"
        }
      }
    },
    "libiconv@latest": {
      "last_modified": "2026-06-27T07:37:20Z",
      "resolved": "github:NixOS/nixpkgs/3d46470bb3030020f7e1361f33514854f5bfa86d#libiconv",
      "source": "devbox-search",
      "version": "2.42",
      "systems": {
        "aarch64-darwin": {
          "outputs": [
            {
              "path": "/nix/store/qla3pimj2nqrklkhar0yv7127fcd1v86-libiconv-113",
              "default": true
            }
          ]
        },
        "aarch64-linux": {
          "outputs": [
            {
              "name": "out",
              "path": "/nix/store/p3xv5hs806fp3kgawyg4v6v1v3mhffhi-glibc-iconv-2.42",
              "default": true
            }
          ],
          "store_path": "/nix/store/p3xv5hs806fp3kgawyg4v6v1v3mhffhi-glibc-iconv-2.42"
        },
        "x86_64-linux": {
          "outputs": [
            {
              "name": "out",
              "path": "/nix/store/4rr29qx2avfs1xflg4m1wk35fcbhnjm9-glibc-iconv-2.42",
              "default": true
            }
          ],
          "store_path": "/nix/store/4rr29qx2avfs1xflg4m1wk35fcbhnjm9-glibc-iconv-2.42"
        }
      }
    },
    "python314Packages.matplotlib": {
      "resolved": "github:NixOS/nixpkgs/89570f24e97e614aa34aa9ab1c927b6578a43775?narHash=sha256-EMzXKmnOtBQ2MnvpiNOm7E%2BkOMvdPrIKaeg52Tip2Uk%3D#python314Packages.matplotlib",
      "source": "nixpkg",
      "systems": {
        "aarch64-darwin": {
          "outputs": [
            {
              "path": "/nix/store/fwrzn3sybwq01krlry6xphhs4srwgm7p-python3.14-matplotlib-3.10.9",
              "default": true
            }
          ]
        }
      }
    },
    "python314Packages.numpy@latest": {
      "last_modified": "2026-06-27T07:37:20Z",
      "resolved": "github:NixOS/nixpkgs/3d46470bb3030020f7e1361f33514854f5bfa86d#python314Packages.numpy",
      "source": "devbox-search",
      "version": "2.4.4",
      "systems": {
        "aarch64-darwin": {
          "outputs": [
            {
              "name": "out",
              "path": "/nix/store/d1djfknnzxx8xi2vm886ns8k7888cw53-python3.14-numpy-2.4.4",
              "default": true
            },
            {
              "name": "dist",
              "path": "/nix/store/yn48fi1064b3f203skdjm2ahj6sfjap9-python3.14-numpy-2.4.4-dist"
            }
          ],
          "store_path": "/nix/store/d1djfknnzxx8xi2vm886ns8k7888cw53-python3.14-numpy-2.4.4"
        },
        "aarch64-linux": {
          "outputs": [
            {
              "name": "out",
              "path": "/nix/store/wr3z49chkd4hsi3fr3nkjds8pmgjmkz0-python3.14-numpy-2.4.4",
              "default": true
            },
            {
              "name": "dist",
              "path": "/nix/store/mnx6wg1a7zbyx297pfds63pm62ldzkc2-python3.14-numpy-2.4.4-dist"
            }
          ],
          "store_path": "/nix/store/wr3z49chkd4hsi3fr3nkjds8pmgjmkz0-python3.14-numpy-2.4.4"
        },
        "x86_64-darwin": {
          "outputs": [
            {
              "name": "out",
              "path": "/nix/store/cp295wqi9axc096nzrpl62blr14f4cpm-python3.14-numpy-2.4.4",
              "default": true
            },
            {
              "name": "dist",
              "path": "/nix/store/z5z93zq3nl56g3jf9sm14mhc8p4l858g-python3.14-numpy-2.4.4-dist"
            }
          ],
          "store_path": "/nix/store/cp295wqi9axc096nzrpl62blr14f4cpm-python3.14-numpy-2.4.4"
        },
        "x86_64-linux": {
          "outputs": [
            {
              "name": "out",
              "path": "/nix/store/sddja4n565wa1gl6rrcg3v4q59h51f41-python3.14-numpy-2.4.4",
              "default": true
            },
            {
              "name": "dist",
              "path": "/nix/store/mdkbp25smvdygp8ymi615bybjdk28z50-python3.14-numpy-2.4.4-dist"
            }
          ],
          "store_path": "/nix/store/sddja4n565wa1gl6rrcg3v4q59h51f41-python3.14-numpy-2.4.4"
        }
      }
    },
    "python@3.14": {
      "last_modified": "2026-06-27T07:37:20Z",
      "plugin_version": "0.0.5",
      "resolved": "github:NixOS/nixpkgs/3d46470bb3030020f7e1361f33514854f5bfa86d#python314",
      "source": "devbox-search",
      "version": "3.14.4",
      "systems": {
        "aarch64-darwin": {
          "outputs": [
            {
              "name": "out",
              "path": "/nix/store/bz7r3a1x3xby7ilac2ngzwr0szf3yzxc-python3-3.14.4",
              "default": true
            }
          ],
          "store_path": "/nix/store/bz7r3a1x3xby7ilac2ngzwr0szf3yzxc-python3-3.14.4"
        },
        "aarch64-linux": {
          "outputs": [
            {
              "name": "out",
              "path": "/nix/store/fj2lkfaqsccpsgwmzrv921asxzsp1iin-python3-3.14.4",
              "default": true
            },
            {
              "name": "debug",
              "path": "/nix/store/8sggbkg072yim06lsbggkiwc84z28cj9-python3-3.14.4-debug"
            }
          ],
          "store_path": "/nix/store/fj2lkfaqsccpsgwmzrv921asxzsp1iin-python3-3.14.4"
        },
        "x86_64-darwin": {
          "outputs": [
            {
              "name": "out",
              "path": "/nix/store/dz3vgh7m1dsj9c3ahn1ab6wqpnz9bbww-python3-3.14.4",
              "default": true
            }
          ],
          "store_path": "/nix/store/dz3vgh7m1dsj9c3ahn1ab6wqpnz9bbww-python3-3.14.4"
        },
        "x86_64-linux": {
          "outputs": [
            {
              "name": "out",
              "path": "/nix/store/fk8c5cqd0npblqv1mcd8swhkcbng84qr-python3-3.14.4",
              "default": true
            },
            {
              "name": "debug",
              "path": "/nix/store/y6nmlnw8360r8lma5bjnp07vl9r4l07g-python3-3.14.4-debug"
            }
          ],
          "store_path": "/nix/store/fk8c5cqd0npblqv1mcd8swhkcbng84qr-python3-3.14.4"
        }
      }
    },
    "rustup@latest": {
      "last_modified": "2026-06-27T07:37:20Z",
      "plugin_version": "0.0.1",
      "resolved": "github:NixOS/nixpkgs/3d46470bb3030020f7e1361f33514854f5bfa86d#rustup",
      "source": "devbox-search",
      "version": "1.29.0",
      "systems": {
        "aarch64-darwin": {
          "outputs": [
            {
              "name": "out",
              "path": "/nix/store/v3r8r9l3qmxm9sb4gsnnrhz4xcz82fl2-rustup-1.29.0",
              "default": true
            }
          ],
          "store_path": "/nix/store/v3r8r9l3qmxm9sb4gsnnrhz4xcz82fl2-rustup-1.29.0"
        },
        "aarch64-linux": {
          "outputs": [
            {
              "name": "out",
              "path": "/nix/store/1ghz0g8a4p12amgzdsn0g7s47vzawxph-rustup-1.29.0",
              "default": true
            }
          ],
          "store_path": "/nix/store/1ghz0g8a4p12amgzdsn0g7s47vzawxph-rustup-1.29.0"
        },
        "x86_64-darwin": {
          "outputs": [
            {
              "name": "out",
              "path": "/nix/store/lvm2155pfw1b3a9g8cij5g7vx2dk4v9f-rustup-1.29.0",
              "default": true
            }
          ],
          "store_path": "/nix/store/lvm2155pfw1b3a9g8cij5g7vx2dk4v9f-rustup-1.29.0"
        },
        "x86_64-linux": {
          "outputs": [
            {
              "name": "out",
              "path": "/nix/store/cxx967kpb69s62f8xh97qq1r2lhj6i3s-rustup-1.29.0",
              "default": true
            }
          ],
          "store_path": "/nix/store/cxx967kpb69s62f8xh97qq1r2lhj6i3s-rustup-1.29.0"
        }
      }
    },
    "samply@latest": {
      "last_modified": "2026-06-27T07:37:20Z",
      "resolved": "github:NixOS/nixpkgs/3d46470bb3030020f7e1361f33514854f5bfa86d#samply",
      "source": "devbox-search",
      "version": "0.13.1",
      "systems": {
        "aarch64-darwin": {
          "outputs": [
            {
              "name": "out",
              "path": "/nix/store/cy6mm9nxlrzhhb877n9p0q24gw42zcgd-samply-0.13.1",
              "default": true
            }
          ],
          "store_path": "/nix/store/cy6mm9nxlrzhhb877n9p0q24gw42zcgd-samply-0.13.1"
        },
        "aarch64-linux": {
          "outputs": [
            {
              "name": "out",
              "path": "/nix/store/ksanfywd7xys11hn9psygdka5r9frv1l-samply-0.13.1",
              "default": true
            }
          ],
          "store_path": "/nix/store/ksanfywd7xys11hn9psygdka5r9frv1l-samply-0.13.1"
        },
        "x86_64-darwin": {
          "outputs": [
            {
              "name": "out",
              "path": "/nix/store/fd7558ylmym2v20a2svdah5sgdp08fzc-samply-0.13.1",
              "default": true
            }
          ],
          "store_path": "/nix/store/fd7558ylmym2v20a2svdah5sgdp08fzc-samply-0.13.1"
        },
        "x86_64-linux": {
          "outputs": [
            {
              "name": "out",
              "path": "/nix/store/c3dlgpx1rq6mx0kpxizc282xn9brrfxj-samply-0.13.1",
              "default": true
            }
          ],
          "store_path": "/nix/store/c3dlgpx1rq6mx0kpxizc282xn9brrfxj-samply-0.13.1"
        }
      }
    },
    "time@latest": {
      "last_modified": "2026-06-27T07:37:20Z",
      "resolved": "github:NixOS/nixpkgs/3d46470bb3030020f7e1361f33514854f5bfa86d#time",
      "source": "devbox-search",
      "version": "1.10",
      "systems": {
        "aarch64-darwin": {
          "outputs": [
            {
              "name": "out",
              "path": "/nix/store/5aymya547jqwacxm1b6wlsyhf63d9x30-time-1.10",
              "default": true
            },
            {
              "name": "info",
              "path": "/nix/store/nf9sn2z5h3pnpmkqy3id1h0mhgys2dh0-time-1.10-info"
            }
          ],
          "store_path": "/nix/store/5aymya547jqwacxm1b6wlsyhf63d9x30-time-1.10"
        },
        "aarch64-linux": {
          "outputs": [
            {
              "name": "out",
              "path": "/nix/store/0xh0x40mg893w2vqh6mnka81h2gn3vxs-time-1.10",
              "default": true
            },
            {
              "name": "info",
              "path": "/nix/store/gi4758izlgl5b5gpln4x6gq9jr1jqbbi-time-1.10-info"
            }
          ],
          "store_path": "/nix/store/0xh0x40mg893w2vqh6mnka81h2gn3vxs-time-1.10"
        },
        "x86_64-darwin": {
          "outputs": [
            {
              "name": "out",
              "path": "/nix/store/qfgd42n46ncmqhllrfgwmfz20mp56sb9-time-1.10",
              "default": true
            },
            {
              "name": "info",
              "path": "/nix/store/p4yl1872sj5zxwka8zzhqjd9n0nbmykl-time-1.10-info"
            }
          ],
          "store_path": "/nix/store/qfgd42n46ncmqhllrfgwmfz20mp56sb9-time-1.10"
        },
        "x86_64-linux": {
          "outputs": [
            {
              "name": "out",
              "path": "/nix/store/k5369naykh8b03hhp48g65xmlb76w8wm-time-1.10",
              "default": true
            },
            {
              "name": "info",
              "path": "/nix/store/l584clsqkn91q4vs39514dzhsyh7qjwg-time-1.10-info"
            }
          ],
          "store_path": "/nix/store/k5369naykh8b03hhp48g65xmlb76w8wm-time-1.10"
        }
      }
    }
  }
}
